
Microsoft Visual Studio Solution File, Format Version 12.00
# Visual Studio Version 17
VisualStudioVersion = 17.4.33205.214
MinimumVisualStudioVersion = 10.0.40219.1
Project("{9A19103F-16F7-4668-BE54-9A1E7A4F7556}") = "W3CParser", "W3CParser.csproj", "{DEEE1F81-C0AB-4DBC-834E-7D969F668A4F}"
EndProject
Project("{9A19103F-16F7-4668-BE54-9A1E7A4F7556}") = "Examples", "..\Varie\Examples\Examples.csproj", "{3DACFEAE-2056-44B0-8A8E-8F028CB91974}"
	ProjectSection(ProjectDependencies) = postProject
		{DEEE1F81-C0AB-4DBC-834E-7D969F668A4F} = {DEEE1F81-C0AB-4DBC-834E-7D969F668A4F}
	EndProjectSection
EndProject
Global
	GlobalSection(SolutionConfigurationPlatforms) = preSolution
		Debug|Any CPU = Debug|Any CPU
		Release|Any CPU = Release|Any CPU
	EndGlobalSection
	GlobalSection(ProjectConfigurationPlatforms) = postSolution
		{DEEE1F81-C0AB-4DBC-834E-7D969F668A4F}.Debug|Any CPU.ActiveCfg = Debug|Any CPU
		{DEEE1F81-C0AB-4DBC-834E-7D969F668A4F}.Debug|Any CPU.Build.0 = Debug|Any CPU
		{DEEE1F81-C0AB-4DBC-834E-7D969F668A4F}.Release|Any CPU.ActiveCfg = Release|Any CPU
		{DEEE1F81-C0AB-4DBC-834E-7D969F668A4F}.Release|Any CPU.Build.0 = Release|Any CPU
		{3DACFEAE-2056-44B0-8A8E-8F028CB91974}.Debug|Any CPU.ActiveCfg = Debug|Any CPU
		{3DACFEAE-2056-44B0-8A8E-8F028CB91974}.Debug|Any CPU.Build.0 = Debug|Any CPU
		{3DACFEAE-2056-44B0-8A8E-8F028CB91974}.Release|Any CPU.ActiveCfg = Release|Any CPU
		{3DACFEAE-2056-44B0-8A8E-8F028CB91974}.Release|Any CPU.Build.0 = Release|Any CPU
	EndGlobalSection
	GlobalSection(SolutionProperties) = preSolution
		HideSolutionNode = FALSE
	EndGlobalSection
	GlobalSection(ExtensibilityGlobals) = postSolution
		SolutionGuid = {FC5A7385-164B-45D2-894E-BC797E34535A}
	EndGlobalSection
EndGlobal
